
Microsoft Visual Studio Solution File, Format Version 12.00
# Visual Studio Version 16
VisualStudioVersion = 16.0.33214.272
MinimumVisualStudioVersion = 10.0.40219.1
Project("{FAE04EC0-301F-11D3-BF4B-00C04F79EFBC}") = "RootCoin", "RootCoin\RootCoin.csproj", "{21B083BF-C0CB-4AEF-A8A7-B67CBDF7471C}"
EndProject
Global
	GlobalSection(SolutionConfigurationPlatforms) = preSolution
		Debug|Any CPU = Debug|Any CPU
		Release|Any CPU = Release|Any CPU
	EndGlobalSection
	GlobalSection(ProjectConfigurationPlatforms) = postSolution
		{21B083BF-C0CB-4AEF-A8A7-B67CBDF7471C}.Debug|Any CPU.ActiveCfg = Debug|Any CPU
		{21B083BF-C0CB-4AEF-A8A7-B67CBDF7471C}.Debug|Any CPU.Build.0 = Debug|Any CPU
		{21B083BF-C0CB-4AEF-A8A7-B67CBDF7471C}.Release|Any CPU.ActiveCfg = Release|Any CPU
		{21B083BF-C0CB-4AEF-A8A7-B67CBDF7471C}.Release|Any CPU.Build.0 = Release|Any CPU
	EndGlobalSection
	GlobalSection(SolutionProperties) = preSolution
		HideSolutionNode = FALSE
	EndGlobalSection
	GlobalSection(ExtensibilityGlobals) = postSolution
		SolutionGuid = {DB48027A-2C99-4EF4-BA11-C2AC7F18B2BC}
	EndGlobalSection
EndGlobal
